
Microsoft Visual Studio Solution File, Format Version 12.00
# Visual Studio Version 17
VisualStudioVersion = 17.3.32825.248
MinimumVisualStudioVersion = 10.0.40219.1
Project("{FAE04EC0-301F-11D3-BF4B-00C04F79EFBC}") = "Variaveis", "Variaveis\Variaveis.csproj", "{13E3C12D-A483-4C01-B5BB-CBF3A3E69931}"
EndProject
Global
	GlobalSection(SolutionConfigurationPlatforms) = preSolution
		Debug|Any CPU = Debug|Any CPU
		Release|Any CPU = Release|Any CPU
	EndGlobalSection
	GlobalSection(ProjectConfigurationPlatforms) = postSolution
		{13E3C12D-A483-4C01-B5BB-CBF3A3E69931}.Debug|Any CPU.ActiveCfg = Debug|Any CPU
		{13E3C12D-A483-4C01-B5BB-CBF3A3E69931}.Debug|Any CPU.Build.0 = Debug|Any CPU
		{13E3C12D-A483-4C01-B5BB-CBF3A3E69931}.Release|Any CPU.ActiveCfg = Release|Any CPU
		{13E3C12D-A483-4C01-B5BB-CBF3A3E69931}.Release|Any CPU.Build.0 = Release|Any CPU
	EndGlobalSection
	GlobalSection(SolutionProperties) = preSolution
		HideSolutionNode = FALSE
	EndGlobalSection
	GlobalSection(ExtensibilityGlobals) = postSolution
		SolutionGuid = {118DAFE8-F12C-4D55-8FBB-5682AF83F6E0}
	EndGlobalSection
EndGlobal
